
Microsoft Visual Studio Solution File, Format Version 12.00
# Visual Studio Version 16
VisualStudioVersion = 16.0.30104.148
MinimumVisualStudioVersion = 10.0.40219.1
Project("{FAE04EC0-301F-11D3-BF4B-00C04F79EFBC}") = "CommsHack", "CommsHack\CommsHack.csproj", "{1ED25764-77C9-495B-8422-38D2534109A5}"
EndProject
Global
	GlobalSection(SolutionConfigurationPlatforms) = preSolution
		Debug|Any CPU = Debug|Any CPU
		Release|Any CPU = Release|Any CPU
	EndGlobalSection
	GlobalSection(ProjectConfigurationPlatforms) = postSolution
		{1ED25764-77C9-495B-8422-38D2534109A5}.Debug|Any CPU.ActiveCfg = Debug|Any CPU
		{1ED25764-77C9-495B-8422-38D2534109A5}.Debug|Any CPU.Build.0 = Debug|Any CPU
		{1ED25764-77C9-495B-8422-38D2534109A5}.Release|Any CPU.ActiveCfg = Release|Any CPU
		{1ED25764-77C9-495B-8422-38D2534109A5}.Release|Any CPU.Build.0 = Release|Any CPU
	EndGlobalSection
	GlobalSection(SolutionProperties) = preSolution
		HideSolutionNode = FALSE
	EndGlobalSection
	GlobalSection(ExtensibilityGlobals) = postSolution
		SolutionGuid = {207BC721-C9C7-44CD-ACDF-1B6C019B85C6}
	EndGlobalSection
EndGlobal
